
Microsoft Visual Studio Solution File, Format Version 12.00
# Visual Studio Version 17
VisualStudioVersion = 17.14.36401.2 d17.14
MinimumVisualStudioVersion = 10.0.40219.1
Project("{FAE04EC0-301F-11D3-BF4B-00C04F79EFBC}") = "ItiProject_GRD", "ItiProject_GRD.csproj", "{EA044AE0-8C0A-4327-85CA-E2841207BB4D}"
EndProject
Project("{FAE04EC0-301F-11D3-BF4B-00C04F79EFBC}") = "ItiProject_GRD.BLL", "..\ItiProject_GRD.BLL\ItiProject_GRD.BLL.csproj", "{F29830B1-DCB9-41A9-A87F-13B37E5A3BED}"
EndProject
Project("{FAE04EC0-301F-11D3-BF4B-00C04F79EFBC}") = "ItiProject_GRD.DLL", "..\ItiProject_GRD.DLL\ItiProject_GRD.DLL.csproj", "{CF1D4335-281C-460F-8E56-CF57344D0E18}"
EndProject
Global
	GlobalSection(SolutionConfigurationPlatforms) = preSolution
		Debug|Any CPU = Debug|Any CPU
		Release|Any CPU = Release|Any CPU
	EndGlobalSection
	GlobalSection(ProjectConfigurationPlatforms) = postSolution
		{EA044AE0-8C0A-4327-85CA-E2841207BB4D}.Debug|Any CPU.ActiveCfg = Debug|Any CPU
		{EA044AE0-8C0A-4327-85CA-E2841207BB4D}.Debug|Any CPU.Build.0 = Debug|Any CPU
		{EA044AE0-8C0A-4327-85CA-E2841207BB4D}.Release|Any CPU.ActiveCfg = Release|Any CPU
		{EA044AE0-8C0A-4327-85CA-E2841207BB4D}.Release|Any CPU.Build.0 = Release|Any CPU
		{F29830B1-DCB9-41A9-A87F-13B37E5A3BED}.Debug|Any CPU.ActiveCfg = Debug|Any CPU
		{F29830B1-DCB9-41A9-A87F-13B37E5A3BED}.Debug|Any CPU.Build.0 = Debug|Any CPU
		{F29830B1-DCB9-41A9-A87F-13B37E5A3BED}.Release|Any CPU.ActiveCfg = Release|Any CPU
		{F29830B1-DCB9-41A9-A87F-13B37E5A3BED}.Release|Any CPU.Build.0 = Release|Any CPU
		{CF1D4335-281C-460F-8E56-CF57344D0E18}.Debug|Any CPU.ActiveCfg = Debug|Any CPU
		{CF1D4335-281C-460F-8E56-CF57344D0E18}.Debug|Any CPU.Build.0 = Debug|Any CPU
		{CF1D4335-281C-460F-8E56-CF57344D0E18}.Release|Any CPU.ActiveCfg = Release|Any CPU
		{CF1D4335-281C-460F-8E56-CF57344D0E18}.Release|Any CPU.Build.0 = Release|Any CPU
	EndGlobalSection
	GlobalSection(SolutionProperties) = preSolution
		HideSolutionNode = FALSE
	EndGlobalSection
	GlobalSection(ExtensibilityGlobals) = postSolution
		SolutionGuid = {90F54671-8F98-4084-829F-17997DEF0E8E}
	EndGlobalSection
EndGlobal
